
Microsoft Visual Studio Solution File, Format Version 12.00
# Visual Studio Version 16
VisualStudioVersion = 16.0.29613.14
MinimumVisualStudioVersion = 10.0.40219.1
Project("{FAE04EC0-301F-11D3-BF4B-00C04F79EFBC}") = "BasicStatisticsCalculator", "BasicStatisticsCalculator\BasicStatisticsCalculator.csproj", "{8A79873E-D4FD-4B10-89D8-41A106F768EE}"
EndProject
Global
	GlobalSection(SolutionConfigurationPlatforms) = preSolution
		Debug|Any CPU = Debug|Any CPU
		Release|Any CPU = Release|Any CPU
	EndGlobalSection
	GlobalSection(ProjectConfigurationPlatforms) = postSolution
		{8A79873E-D4FD-4B10-89D8-41A106F768EE}.Debug|Any CPU.ActiveCfg = Debug|Any CPU
		{8A79873E-D4FD-4B10-89D8-41A106F768EE}.Debug|Any CPU.Build.0 = Debug|Any CPU
		{8A79873E-D4FD-4B10-89D8-41A106F768EE}.Release|Any CPU.ActiveCfg = Release|Any CPU
		{8A79873E-D4FD-4B10-89D8-41A106F768EE}.Release|Any CPU.Build.0 = Release|Any CPU
	EndGlobalSection
	GlobalSection(SolutionProperties) = preSolution
		HideSolutionNode = FALSE
	EndGlobalSection
	GlobalSection(ExtensibilityGlobals) = postSolution
		SolutionGuid = {4AFB3CD0-920C-4CAF-8684-5A8EE208D95E}
	EndGlobalSection
EndGlobal
